
Microsoft Visual Studio Solution File, Format Version 12.00
# Visual Studio Version 17
VisualStudioVersion = 17.14.37531.7 d17.14
MinimumVisualStudioVersion = 10.0.40219.1
Project("{FAE04EC0-301F-11D3-BF4B-00C04F79EFBC}") = "MathGame.navarrolagapabloanton-ctrl", "MathGame.navarrolagapabloanton-ctrl.csproj", "{74FF3809-BF66-48C6-9E0B-012FC76B3EC3}"
EndProject
Global
	GlobalSection(SolutionConfigurationPlatforms) = preSolution
		Debug|Any CPU = Debug|Any CPU
		Release|Any CPU = Release|Any CPU
	EndGlobalSection
	GlobalSection(ProjectConfigurationPlatforms) = postSolution
		{74FF3809-BF66-48C6-9E0B-012FC76B3EC3}.Debug|Any CPU.ActiveCfg = Debug|Any CPU
		{74FF3809-BF66-48C6-9E0B-012FC76B3EC3}.Debug|Any CPU.Build.0 = Debug|Any CPU
		{74FF3809-BF66-48C6-9E0B-012FC76B3EC3}.Release|Any CPU.ActiveCfg = Release|Any CPU
		{74FF3809-BF66-48C6-9E0B-012FC76B3EC3}.Release|Any CPU.Build.0 = Release|Any CPU
	EndGlobalSection
	GlobalSection(SolutionProperties) = preSolution
		HideSolutionNode = FALSE
	EndGlobalSection
	GlobalSection(ExtensibilityGlobals) = postSolution
		SolutionGuid = {AF3AF768-90AC-4C70-9093-949720187B42}
	EndGlobalSection
EndGlobal
